
Microsoft Visual Studio Solution File, Format Version 12.00
# Visual Studio Version 16
VisualStudioVersion = 16.0.29306.81
MinimumVisualStudioVersion = 10.0.40219.1
Project("{FAE04EC0-301F-11D3-BF4B-00C04F79EFBC}") = "assessment2", "assessment2.csproj", "{D5821241-88A4-4801-8AAA-1AC048F0A296}"
EndProject
Global
	GlobalSection(SolutionConfigurationPlatforms) = preSolution
		Debug|Any CPU = Debug|Any CPU
		Release|Any CPU = Release|Any CPU
	EndGlobalSection
	GlobalSection(ProjectConfigurationPlatforms) = postSolution
		{D5821241-88A4-4801-8AAA-1AC048F0A296}.Debug|Any CPU.ActiveCfg = Debug|Any CPU
		{D5821241-88A4-4801-8AAA-1AC048F0A296}.Debug|Any CPU.Build.0 = Debug|Any CPU
		{D5821241-88A4-4801-8AAA-1AC048F0A296}.Release|Any CPU.ActiveCfg = Release|Any CPU
		{D5821241-88A4-4801-8AAA-1AC048F0A296}.Release|Any CPU.Build.0 = Release|Any CPU
	EndGlobalSection
	GlobalSection(SolutionProperties) = preSolution
		HideSolutionNode = FALSE
	EndGlobalSection
	GlobalSection(ExtensibilityGlobals) = postSolution
		SolutionGuid = {AD0B8708-C1A2-4D83-83B9-4D964CD35FAB}
	EndGlobalSection
EndGlobal
